// !$*UTF8*$!
{
	archiveVersion = 1;
	classes = {
	};
	objectVersion = 55;
	objects = {

/* Begin PBXBuildFile section */
		8CB1C873283DCB9D00B0D807 /* main.swift in Sources */ = {isa = PBXBuildFile; fileRef = 8CB1C872283DCB9D00B0D807 /* main.swift */; };
		8CB1C87A283DCC7700B0D807 /* Question-Answer.swift in Sources */ = {isa = PBXBuildFile; fileRef = 8CB1C879283DCC7700B0D807 /* Question-Answer.swift */; };
		8CB1C87E283DCEAD00B0D807 /* Gamer.swift in Sources */ = {isa = PBXBuildFile; fileRef = 8CB1C87D283DCEAD00B0D807 /* Gamer.swift */; };
		8CB1C880283DD52700B0D807 /* TheGame.swift in Sources */ = {isa = PBXBuildFile; fileRef = 8CB1C87F283DD52700B0D807 /* TheGame.swift */; };
/* End PBXBuildFile section */

/* Begin PBXCopyFilesBuildPhase section */
		8CB1C86D283DCB9D00B0D807 /* CopyFiles */ = {
			isa = PBXCopyFilesBuildPhase;
			buildActionMask = 2147483647;
			dstPath = /usr/share/man/man1/;
			dstSubfolderSpec = 0;
			files = (
			);
			runOnlyForDeploymentPostprocessing = 1;
		};
/* End PBXCopyFilesBuildPhase section */

/* Begin PBXFileReference section */
		8CB1C86F283DCB9D00B0D807 /* Who_Wants_To_Be_A_Millionaire */ = {isa = PBXFileReference; explicitFileType = "compiled.mach-o.executable"; includeInIndex = 0; path = Who_Wants_To_Be_A_Millionaire; sourceTree = BUILT_PRODUCTS_DIR; };
		8CB1C872283DCB9D00B0D807 /* main.swift */ = {isa = PBXFileReference; lastKnownFileType = sourcecode.swift; path = main.swift; sourceTree = "<group>"; };
		8CB1C879283DCC7700B0D807 /* Question-Answer.swift */ = {isa = PBXFileReference; lastKnownFileType = sourcecode.swift; path = "Question-Answer.swift"; sourceTree = "<group>"; };
		8CB1C87D283DCEAD00B0D807 /* Gamer.swift */ = {isa = PBXFileReference; lastKnownFileType = sourcecode.swift; path = Gamer.swift; sourceTree = "<group>"; };
		8CB1C87F283DD52700B0D807 /* TheGame.swift */ = {isa = PBXFileReference; lastKnownFileType = sourcecode.swift; path = TheGame.swift; sourceTree = "<group>"; };
/* End PBXFileReference section */

/* Begin PBXFrameworksBuildPhase section */
		8CB1C86C283DCB9D00B0D807 /* Frameworks */ = {
			isa = PBXFrameworksBuildPhase;
			buildActionMask = 2147483647;
			files = (
			);
			runOnlyForDeploymentPostprocessing = 0;
		};
/* End PBXFrameworksBuildPhase section */

/* Begin PBXGroup section */
		8CB1C866283DCB9D00B0D807 = {
			isa = PBXGroup;
			children = (
				8CB1C871283DCB9D00B0D807 /* Who_Wants_To_Be_A_Millionaire */,
				8CB1C870283DCB9D00B0D807 /* Products */,
			);
			sourceTree = "<group>";
		};
		8CB1C870283DCB9D00B0D807 /* Products */ = {
			isa = PBXGroup;
			children = (
				8CB1C86F283DCB9D00B0D807 /* Who_Wants_To_Be_A_Millionaire */,
			);
			name = Products;
			sourceTree = "<group>";
		};
		8CB1C871283DCB9D00B0D807 /* Who_Wants_To_Be_A_Millionaire */ = {
			isa = PBXGroup;
			children = (
				8CB1C872283DCB9D00B0D807 /* main.swift */,
				8CB1C879283DCC7700B0D807 /* Question-Answer.swift */,
				8CB1C87D283DCEAD00B0D807 /* Gamer.swift */,
				8CB1C87F283DD52700B0D807 /* TheGame.swift */,
			);
			path = Who_Wants_To_Be_A_Millionaire;
			sourceTree = "<group>";
		};
/* End PBXGroup section */

/* Begin PBXNativeTarget section */
		8CB1C86E283DCB9D00B0D807 /* Who_Wants_To_Be_A_Millionaire */ = {
			isa = PBXNativeTarget;
			buildConfigurationList = 8CB1C876283DCB9D00B0D807 /* Build configuration list for PBXNativeTarget "Who_Wants_To_Be_A_Millionaire" */;
			buildPhases = (
				8CB1C86B283DCB9D00B0D807 /* Sources */,
				8CB1C86C283DCB9D00B0D807 /* Frameworks */,
				8CB1C86D283DCB9D00B0D807 /* CopyFiles */,
			);
			buildRules = (
			);
			dependencies = (
			);
			name = Who_Wants_To_Be_A_Millionaire;
			productName = Who_Wants_To_Be_A_Millionaire;
			productReference = 8CB1C86F283DCB9D00B0D807 /* Who_Wants_To_Be_A_Millionaire */;
			productType = "com.apple.product-type.tool";
		};
/* End PBXNativeTarget section */

/* Begin PBXProject section */
		8CB1C867283DCB9D00B0D807 /* Project object */ = {
			isa = PBXProject;
			attributes = {
				BuildIndependentTargetsInParallel = 1;
				LastSwiftUpdateCheck = 1330;
				LastUpgradeCheck = 1330;
				TargetAttributes = {
					8CB1C86E283DCB9D00B0D807 = {
						CreatedOnToolsVersion = 13.3;
					};
				};
			};
			buildConfigurationList = 8CB1C86A283DCB9D00B0D807 /* Build configuration list for PBXProject "Who_Wants_To_Be_A_Millionaire" */;
			compatibilityVersion = "Xcode 13.0";
			developmentRegion = en;
			hasScannedForEncodings = 0;
			knownRegions = (
				en,
				Base,
			);
			mainGroup = 8CB1C866283DCB9D00B0D807;
			productRefGroup = 8CB1C870283DCB9D00B0D807 /* Products */;
			projectDirPath = "";
			projectRoot = "";
			targets = (
				8CB1C86E283DCB9D00B0D807 /* Who_Wants_To_Be_A_Millionaire */,
			);
		};
/* End PBXProject section */

/* Begin PBXSourcesBuildPhase section */
		8CB1C86B283DCB9D00B0D807 /* Sources */ = {
			isa = PBXSourcesBuildPhase;
			buildActionMask = 2147483647;
			files = (
				8CB1C873283DCB9D00B0D807 /* main.swift in Sources */,
				8CB1C87A283DCC7700B0D807 /* Question-Answer.swift in Sources */,
				8CB1C87E283DCEAD00B0D807 /* Gamer.swift in Sources */,
				8CB1C880283DD52700B0D807 /* TheGame.swift in Sources */,
			);
			runOnlyForDeploymentPostprocessing = 0;
		};
/* End PBXSourcesBuildPhase section */

/* Begin XCBuildConfiguration section */
		8CB1C874283DCB9D00B0D807 /* Debug */ = {
			isa = XCBuildConfiguration;
			buildSettings = {
				ALWAYS_SEARCH_USER_PATHS = NO;
				CLANG_ANALYZER_NONNULL = YES;
				CLANG_ANALYZER_NUMBER_OBJECT_CONVERSION = YES_AGGRESSIVE;
				CLANG_CXX_LANGUAGE_STANDARD = "gnu++17";
				CLANG_ENABLE_MODULES = YES;
				CLANG_ENABLE_OBJC_ARC = YES;
				CLANG_ENABLE_OBJC_WEAK = YES;
				CLANG_WARN_BLOCK_CAPTURE_AUTORELEASING = YES;
				CLANG_WARN_BOOL_CONVERSION = YES;
				CLANG_WARN_COMMA = YES;
				CLANG_WARN_CONSTANT_CONVERSION = YES;
				CLANG_WARN_DEPRECATED_OBJC_IMPLEMENTATIONS = YES;
				CLANG_WARN_DIRECT_OBJC_ISA_USAGE = YES_ERROR;
				CLANG_WARN_DOCUMENTATION_COMMENTS = YES;
				CLANG_WARN_EMPTY_BODY = YES;
				CLANG_WARN_ENUM_CONVERSION = YES;
				CLANG_WARN_INFINITE_RECURSION = YES;
				CLANG_WARN_INT_CONVERSION = YES;
				CLANG_WARN_NON_LITERAL_NULL_CONVERSION = YES;
				CLANG_WARN_OBJC_IMPLICIT_RETAIN_SELF = YES;
				CLANG_WARN_OBJC_LITERAL_CONVERSION = YES;
				CLANG_WARN_OBJC_ROOT_CLASS = YES_ERROR;
				CLANG_WARN_QUOTED_INCLUDE_IN_FRAMEWORK_HEADER = YES;
				CLANG_WARN_RANGE_LOOP_ANALYSIS = YES;
				CLANG_WARN_STRICT_PROTOTYPES = YES;
				CLANG_WARN_SUSPICIOUS_MOVE = YES;
				CLANG_WARN_UNGUARDED_AVAILABILITY = YES_AGGRESSIVE;
				CLANG_WARN_UNREACHABLE_CODE = YES;
				CLANG_WARN__DUPLICATE_METHOD_MATCH = YES;
				COPY_PHASE_STRIP = NO;
				DEBUG_INFORMATION_FORMAT = dwarf;
				ENABLE_STRICT_OBJC_MSGSEND = YES;
				ENABLE_TESTABILITY = YES;
				GCC_C_LANGUAGE_STANDARD = gnu11;
				GCC_DYNAMIC_NO_PIC = NO;
				GCC_NO_COMMON_BLOCKS = YES;
				GCC_OPTIMIZATION_LEVEL = 0;
				GCC_PREPROCESSOR_DEFINITIONS = (
					"DEBUG=1",
					"$(inherited)",
				);
				GCC_WARN_64_TO_32_BIT_CONVERSION = YES;
				GCC_WARN_ABOUT_RETURN_TYPE = YES_ERROR;
				GCC_WARN_UNDECLARED_SELECTOR = YES;
				GCC_WARN_UNINITIALIZED_AUTOS = YES_AGGRESSIVE;
				GCC_WARN_UNUSED_FUNCTION = YES;
				GCC_WARN_UNUSED_VARIABLE = YES;
				MACOSX_DEPLOYMENT_TARGET = 12.0;
				MTL_ENABLE_DEBUG_INFO = INCLUDE_SOURCE;
				MTL_FAST_MATH = YES;
				ONLY_ACTIVE_ARCH = YES;
				SDKROOT = macosx;
				SWIFT_ACTIVE_COMPILATION_CONDITIONS = DEBUG;
				SWIFT_OPTIMIZATION_LEVEL = "-Onone";
			};
			name = Debug;
		};
		8CB1C875283DCB9D00B0D807 /* Release */ = {
			isa = XCBuildConfiguration;
			buildSettings = {
				ALWAYS_SEARCH_USER_PATHS = NO;
				CLANG_ANALYZER_NONNULL = YES;
				CLANG_ANALYZER_NUMBER_OBJECT_CONVERSION = YES_AGGRESSIVE;
				CLANG_CXX_LANGUAGE_STANDARD = "gnu++17";
				CLANG_ENABLE_MODULES = YES;
				CLANG_ENABLE_OBJC_ARC = YES;
				CLANG_ENABLE_OBJC_WEAK = YES;
				CLANG_WARN_BLOCK_CAPTURE_AUTORELEASING = YES;
				CLANG_WARN_BOOL_CONVERSION = YES;
				CLANG_WARN_COMMA = YES;
				CLANG_WARN_CONSTANT_CONVERSION = YES;
				CLANG_WARN_DEPRECATED_OBJC_IMPLEMENTATIONS = YES;
				CLANG_WARN_DIRECT_OBJC_ISA_USAGE = YES_ERROR;
				CLANG_WARN_DOCUMENTATION_COMMENTS = YES;
				CLANG_WARN_EMPTY_BODY = YES;
				CLANG_WARN_ENUM_CONVERSION = YES;
				CLANG_WARN_INFINITE_RECURSION = YES;
				CLANG_WARN_INT_CONVERSION = YES;
				CLANG_WARN_NON_LITERAL_NULL_CONVERSION = YES;
				CLANG_WARN_OBJC_IMPLICIT_RETAIN_SELF = YES;
				CLANG_WARN_OBJC_LITERAL_CONVERSION = YES;
				CLANG_WARN_OBJC_ROOT_CLASS = YES_ERROR;
				CLANG_WARN_QUOTED_INCLUDE_IN_FRAMEWORK_HEADER = YES;
				CLANG_WARN_RANGE_LOOP_ANALYSIS = YES;
				CLANG_WARN_STRICT_PROTOTYPES = YES;
				CLANG_WARN_SUSPICIOUS_MOVE = YES;
				CLANG_WARN_UNGUARDED_AVAILABILITY = YES_AGGRESSIVE;
				CLANG_WARN_UNREACHABLE_CODE = YES;
				CLANG_WARN__DUPLICATE_METHOD_MATCH = YES;
				COPY_PHASE_STRIP = NO;
				DEBUG_INFORMATION_FORMAT = "dwarf-with-dsym";
				ENABLE_NS_ASSERTIONS = NO;
				ENABLE_STRICT_OBJC_MSGSEND = YES;
				GCC_C_LANGUAGE_STANDARD = gnu11;
				GCC_NO_COMMON_BLOCKS = YES;
				GCC_WARN_64_TO_32_BIT_CONVERSION = YES;
				GCC_WARN_ABOUT_RETURN_TYPE = YES_ERROR;
				GCC_WARN_UNDECLARED_SELECTOR = YES;
				GCC_WARN_UNINITIALIZED_AUTOS = YES_AGGRESSIVE;
				GCC_WARN_UNUSED_FUNCTION = YES;
				GCC_WARN_UNUSED_VARIABLE = YES;
				MACOSX_DEPLOYMENT_TARGET = 12.0;
				MTL_ENABLE_DEBUG_INFO = NO;
				MTL_FAST_MATH = YES;
				SDKROOT = macosx;
				SWIFT_COMPILATION_MODE = wholemodule;
				SWIFT_OPTIMIZATION_LEVEL = "-O";
			};
			name = Release;
		};
		8CB1C877283DCB9D00B0D807 /* Debug */ = {
			isa = XCBuildConfiguration;
			buildSettings = {
				CODE_SIGN_STYLE = Automatic;
				PRODUCT_NAME = "$(TARGET_NAME)";
				SWIFT_VERSION = 5.0;
			};
			name = Debug;
		};
		8CB1C878283DCB9D00B0D807 /* Release */ = {
			isa = XCBuildConfiguration;
			buildSettings = {
				CODE_SIGN_STYLE = Automatic;
				PRODUCT_NAME = "$(TARGET_NAME)";
				SWIFT_VERSION = 5.0;
			};
			name = Release;
		};
/* End XCBuildConfiguration section */

/* Begin XCConfigurationList section */
		8CB1C86A283DCB9D00B0D807 /* Build configuration list for PBXProject "Who_Wants_To_Be_A_Millionaire" */ = {
			isa = XCConfigurationList;
			buildConfigurations = (
				8CB1C874283DCB9D00B0D807 /* Debug */,
				8CB1C875283DCB9D00B0D807 /* Release */,
			);
			defaultConfigurationIsVisible = 0;
			defaultConfigurationName = Release;
		};
		8CB1C876283DCB9D00B0D807 /* Build configuration list for PBXNativeTarget "Who_Wants_To_Be_A_Millionaire" */ = {
			isa = XCConfigurationList;
			buildConfigurations = (
				8CB1C877283DCB9D00B0D807 /* Debug */,
				8CB1C878283DCB9D00B0D807 /* Release */,
			);
			defaultConfigurationIsVisible = 0;
			defaultConfigurationName = Release;
		};
/* End XCConfigurationList section */
	};
	rootObject = 8CB1C867283DCB9D00B0D807 /* Project object */;
}
